
Microsoft Visual Studio Solution File, Format Version 12.00
# Visual Studio Version 17
VisualStudioVersion = 17.8.34511.84
MinimumVisualStudioVersion = 10.0.40219.1
Project("{FAE04EC0-301F-11D3-BF4B-00C04F79EFBC}") = "MauiApp1", "MauiApp1\MauiApp1.csproj", "{B348305D-59A5-4039-97A3-6050E58FB766}"
EndProject
Global
	GlobalSection(SolutionConfigurationPlatforms) = preSolution
		Debug|Any CPU = Debug|Any CPU
		Release|Any CPU = Release|Any CPU
	EndGlobalSection
	GlobalSection(ProjectConfigurationPlatforms) = postSolution
		{B348305D-59A5-4039-97A3-6050E58FB766}.Debug|Any CPU.ActiveCfg = Debug|Any CPU
		{B348305D-59A5-4039-97A3-6050E58FB766}.Debug|Any CPU.Build.0 = Debug|Any CPU
		{B348305D-59A5-4039-97A3-6050E58FB766}.Debug|Any CPU.Deploy.0 = Debug|Any CPU
		{B348305D-59A5-4039-97A3-6050E58FB766}.Release|Any CPU.ActiveCfg = Release|Any CPU
		{B348305D-59A5-4039-97A3-6050E58FB766}.Release|Any CPU.Build.0 = Release|Any CPU
		{B348305D-59A5-4039-97A3-6050E58FB766}.Release|Any CPU.Deploy.0 = Release|Any CPU
	EndGlobalSection
	GlobalSection(SolutionProperties) = preSolution
		HideSolutionNode = FALSE
	EndGlobalSection
	GlobalSection(ExtensibilityGlobals) = postSolution
		SolutionGuid = {CD73A888-EE1A-4EE1-83F4-F6154400C0F4}
	EndGlobalSection
EndGlobal
